// !$*UTF8*$!
{
	archiveVersion = 1;
	classes = {
	};
	objectVersion = 55;
	objects = {

/* Begin PBXBuildFile section */
		4D353EF129CAAEE6003C40C5 /* LPDIContainer.swift in Sources */ = {isa = PBXBuildFile; fileRef = 4D353EF029CAAEE6003C40C5 /* LPDIContainer.swift */; };
		4D353EF329CAAF74003C40C5 /* Assembler.swift in Sources */ = {isa = PBXBuildFile; fileRef = 4D353EF229CAAF74003C40C5 /* Assembler.swift */; };
		4D353EF529CADE55003C40C5 /* MainFrameModule.swift in Sources */ = {isa = PBXBuildFile; fileRef = 4D353EF429CADE55003C40C5 /* MainFrameModule.swift */; };
		4D5A7EBD29F3DE92008EC989 /* MainPageController.swift in Sources */ = {isa = PBXBuildFile; fileRef = 4D5A7EBC29F3DE92008EC989 /* MainPageController.swift */; };
		4D5A7EBF29F3E19F008EC989 /* MinePageController.swift in Sources */ = {isa = PBXBuildFile; fileRef = 4D5A7EBE29F3E19F008EC989 /* MinePageController.swift */; };
		4D8BBD7B29F405E900332A7F /* Main.storyboard in Resources */ = {isa = PBXBuildFile; fileRef = 4D8BBD7929F405E900332A7F /* Main.storyboard */; };
		4DB65D3F29B85C41006C8A6A /* AppDelegate.swift in Sources */ = {isa = PBXBuildFile; fileRef = 4DB65D3E29B85C41006C8A6A /* AppDelegate.swift */; };
		4DB65D4829B85C43006C8A6A /* Assets.xcassets in Resources */ = {isa = PBXBuildFile; fileRef = 4DB65D4729B85C43006C8A6A /* Assets.xcassets */; };
		4DB65D4B29B85C43006C8A6A /* LaunchScreen.storyboard in Resources */ = {isa = PBXBuildFile; fileRef = 4DB65D4929B85C43006C8A6A /* LaunchScreen.storyboard */; };
		4DB65D5A29B8653B006C8A6A /* UIView+Extension.swift in Sources */ = {isa = PBXBuildFile; fileRef = 4DB65D5929B8653B006C8A6A /* UIView+Extension.swift */; };
		4DB65D5C29B86569006C8A6A /* Float+Extension.swift in Sources */ = {isa = PBXBuildFile; fileRef = 4DB65D5B29B86569006C8A6A /* Float+Extension.swift */; };
		4DB65D5F29B865DB006C8A6A /* UIConst.swift in Sources */ = {isa = PBXBuildFile; fileRef = 4DB65D5E29B865DB006C8A6A /* UIConst.swift */; };
		4DB65D6129B86625006C8A6A /* Int+Extension.swift in Sources */ = {isa = PBXBuildFile; fileRef = 4DB65D6029B86625006C8A6A /* Int+Extension.swift */; };
		4DB65D6429B86671006C8A6A /* KVStorage.swift in Sources */ = {isa = PBXBuildFile; fileRef = 4DB65D6329B86671006C8A6A /* KVStorage.swift */; };
		4DB65D6629B866BF006C8A6A /* Optional+Extension.swift in Sources */ = {isa = PBXBuildFile; fileRef = 4DB65D6529B866BF006C8A6A /* Optional+Extension.swift */; };
		4DB65D6829B86716006C8A6A /* Date+Extension.swift in Sources */ = {isa = PBXBuildFile; fileRef = 4DB65D6729B86716006C8A6A /* Date+Extension.swift */; };
		4DB65D6A29B8695A006C8A6A /* FoundationConst.swift in Sources */ = {isa = PBXBuildFile; fileRef = 4DB65D6929B8695A006C8A6A /* FoundationConst.swift */; };
		4DB65D6C29B86984006C8A6A /* Array+Extension.swift in Sources */ = {isa = PBXBuildFile; fileRef = 4DB65D6B29B86984006C8A6A /* Array+Extension.swift */; };
		4DB65D6E29B89660006C8A6A /* AppSetupManager.swift in Sources */ = {isa = PBXBuildFile; fileRef = 4DB65D6D29B89660006C8A6A /* AppSetupManager.swift */; };
		4DB65D7029B896D7006C8A6A /* MainFrameHandler.swift in Sources */ = {isa = PBXBuildFile; fileRef = 4DB65D6F29B896D7006C8A6A /* MainFrameHandler.swift */; };
		4DB65D7229B896F0006C8A6A /* MainTabBarController.swift in Sources */ = {isa = PBXBuildFile; fileRef = 4DB65D7129B896F0006C8A6A /* MainTabBarController.swift */; };
		4DB65D7729B9864D006C8A6A /* MainPageModule.swift in Sources */ = {isa = PBXBuildFile; fileRef = 4DB65D7629B9864D006C8A6A /* MainPageModule.swift */; };
		4DB65D7929B98663006C8A6A /* MinePageModule.swift in Sources */ = {isa = PBXBuildFile; fileRef = 4DB65D7829B98663006C8A6A /* MinePageModule.swift */; };
		6556E9C0DBF495FFBD5F3F07 /* Pods_LearningPlatform.framework in Frameworks */ = {isa = PBXBuildFile; fileRef = C315FC1BF30390D320862432 /* Pods_LearningPlatform.framework */; };
/* End PBXBuildFile section */

/* Begin PBXFileReference section */
		4D353EF029CAAEE6003C40C5 /* LPDIContainer.swift */ = {isa = PBXFileReference; lastKnownFileType = sourcecode.swift; path = LPDIContainer.swift; sourceTree = "<group>"; };
		4D353EF229CAAF74003C40C5 /* Assembler.swift */ = {isa = PBXFileReference; lastKnownFileType = sourcecode.swift; path = Assembler.swift; sourceTree = "<group>"; };
		4D353EF429CADE55003C40C5 /* MainFrameModule.swift */ = {isa = PBXFileReference; lastKnownFileType = sourcecode.swift; path = MainFrameModule.swift; sourceTree = "<group>"; };
		4D5A7EBC29F3DE92008EC989 /* MainPageController.swift */ = {isa = PBXFileReference; lastKnownFileType = sourcecode.swift; path = MainPageController.swift; sourceTree = "<group>"; };
		4D5A7EBE29F3E19F008EC989 /* MinePageController.swift */ = {isa = PBXFileReference; lastKnownFileType = sourcecode.swift; path = MinePageController.swift; sourceTree = "<group>"; };
		4D60939A29DDA5CD009B1C25 /* IJKPlayerFramework.framework */ = {isa = PBXFileReference; lastKnownFileType = archive.ar; path = IJKPlayerFramework.framework; sourceTree = "<group>"; };
		4D8BBD7A29F405E900332A7F /* Base */ = {isa = PBXFileReference; lastKnownFileType = file.storyboard; name = Base; path = Base.lproj/Main.storyboard; sourceTree = "<group>"; };
		4DB65D3B29B85C41006C8A6A /* LearningPlatform.app */ = {isa = PBXFileReference; explicitFileType = wrapper.application; includeInIndex = 0; path = LearningPlatform.app; sourceTree = BUILT_PRODUCTS_DIR; };
		4DB65D3E29B85C41006C8A6A /* AppDelegate.swift */ = {isa = PBXFileReference; lastKnownFileType = sourcecode.swift; path = AppDelegate.swift; sourceTree = "<group>"; };
		4DB65D4729B85C43006C8A6A /* Assets.xcassets */ = {isa = PBXFileReference; lastKnownFileType = folder.assetcatalog; path = Assets.xcassets; sourceTree = "<group>"; };
		4DB65D4A29B85C43006C8A6A /* Base */ = {isa = PBXFileReference; lastKnownFileType = file.storyboard; name = Base; path = Base.lproj/LaunchScreen.storyboard; sourceTree = "<group>"; };
		4DB65D4C29B85C43006C8A6A /* Info.plist */ = {isa = PBXFileReference; lastKnownFileType = text.plist.xml; path = Info.plist; sourceTree = "<group>"; };
		4DB65D5929B8653B006C8A6A /* UIView+Extension.swift */ = {isa = PBXFileReference; lastKnownFileType = sourcecode.swift; path = "UIView+Extension.swift"; sourceTree = "<group>"; };
		4DB65D5B29B86569006C8A6A /* Float+Extension.swift */ = {isa = PBXFileReference; lastKnownFileType = sourcecode.swift; path = "Float+Extension.swift"; sourceTree = "<group>"; };
		4DB65D5E29B865DB006C8A6A /* UIConst.swift */ = {isa = PBXFileReference; lastKnownFileType = sourcecode.swift; path = UIConst.swift; sourceTree = "<group>"; };
		4DB65D6029B86625006C8A6A /* Int+Extension.swift */ = {isa = PBXFileReference; lastKnownFileType = sourcecode.swift; path = "Int+Extension.swift"; sourceTree = "<group>"; };
		4DB65D6329B86671006C8A6A /* KVStorage.swift */ = {isa = PBXFileReference; lastKnownFileType = sourcecode.swift; path = KVStorage.swift; sourceTree = "<group>"; };
		4DB65D6529B866BF006C8A6A /* Optional+Extension.swift */ = {isa = PBXFileReference; lastKnownFileType = sourcecode.swift; path = "Optional+Extension.swift"; sourceTree = "<group>"; };
		4DB65D6729B86716006C8A6A /* Date+Extension.swift */ = {isa = PBXFileReference; lastKnownFileType = sourcecode.swift; path = "Date+Extension.swift"; sourceTree = "<group>"; };
		4DB65D6929B8695A006C8A6A /* FoundationConst.swift */ = {isa = PBXFileReference; lastKnownFileType = sourcecode.swift; path = FoundationConst.swift; sourceTree = "<group>"; };
		4DB65D6B29B86984006C8A6A /* Array+Extension.swift */ = {isa = PBXFileReference; lastKnownFileType = sourcecode.swift; path = "Array+Extension.swift"; sourceTree = "<group>"; };
		4DB65D6D29B89660006C8A6A /* AppSetupManager.swift */ = {isa = PBXFileReference; lastKnownFileType = sourcecode.swift; path = AppSetupManager.swift; sourceTree = "<group>"; };
		4DB65D6F29B896D7006C8A6A /* MainFrameHandler.swift */ = {isa = PBXFileReference; lastKnownFileType = sourcecode.swift; path = MainFrameHandler.swift; sourceTree = "<group>"; };
		4DB65D7129B896F0006C8A6A /* MainTabBarController.swift */ = {isa = PBXFileReference; lastKnownFileType = sourcecode.swift; path = MainTabBarController.swift; sourceTree = "<group>"; };
		4DB65D7629B9864D006C8A6A /* MainPageModule.swift */ = {isa = PBXFileReference; lastKnownFileType = sourcecode.swift; path = MainPageModule.swift; sourceTree = "<group>"; };
		4DB65D7829B98663006C8A6A /* MinePageModule.swift */ = {isa = PBXFileReference; lastKnownFileType = sourcecode.swift; path = MinePageModule.swift; sourceTree = "<group>"; };
		54607E492495984EE9A3D1F6 /* Pods-LearningPlatform.debug.xcconfig */ = {isa = PBXFileReference; includeInIndex = 1; lastKnownFileType = text.xcconfig; name = "Pods-LearningPlatform.debug.xcconfig"; path = "Target Support Files/Pods-LearningPlatform/Pods-LearningPlatform.debug.xcconfig"; sourceTree = "<group>"; };
		8765CB8BCF75FC87B7AE2420 /* Pods-LearningPlatform.release.xcconfig */ = {isa = PBXFileReference; includeInIndex = 1; lastKnownFileType = text.xcconfig; name = "Pods-LearningPlatform.release.xcconfig"; path = "Target Support Files/Pods-LearningPlatform/Pods-LearningPlatform.release.xcconfig"; sourceTree = "<group>"; };
		C315FC1BF30390D320862432 /* Pods_LearningPlatform.framework */ = {isa = PBXFileReference; explicitFileType = wrapper.framework; includeInIndex = 0; path = Pods_LearningPlatform.framework; sourceTree = BUILT_PRODUCTS_DIR; };
/* End PBXFileReference section */

/* Begin PBXFrameworksBuildPhase section */
		4DB65D3829B85C41006C8A6A /* Frameworks */ = {
			isa = PBXFrameworksBuildPhase;
			buildActionMask = 2147483647;
			files = (
				6556E9C0DBF495FFBD5F3F07 /* Pods_LearningPlatform.framework in Frameworks */,
			);
			runOnlyForDeploymentPostprocessing = 0;
		};
/* End PBXFrameworksBuildPhase section */

/* Begin PBXGroup section */
		4D353EED29CAAE90003C40C5 /* DIRegisterCenter */ = {
			isa = PBXGroup;
			children = (
				4D353EF029CAAEE6003C40C5 /* LPDIContainer.swift */,
				4D353EF229CAAF74003C40C5 /* Assembler.swift */,
			);
			path = DIRegisterCenter;
			sourceTree = "<group>";
		};
		4DB65D3229B85C41006C8A6A = {
			isa = PBXGroup;
			children = (
				4DB65D3D29B85C41006C8A6A /* LearningPlatform */,
				4DB65D3C29B85C41006C8A6A /* Products */,
				D0803EA6E655BDFDC1876A64 /* Pods */,
				6A5DA629B4A993B480B6827B /* Frameworks */,
			);
			sourceTree = "<group>";
		};
		4DB65D3C29B85C41006C8A6A /* Products */ = {
			isa = PBXGroup;
			children = (
				4DB65D3B29B85C41006C8A6A /* LearningPlatform.app */,
			);
			name = Products;
			sourceTree = "<group>";
		};
		4DB65D3D29B85C41006C8A6A /* LearningPlatform */ = {
			isa = PBXGroup;
			children = (
				4DB65D7529B98639006C8A6A /* Modules */,
				4DB65D5229B861F2006C8A6A /* Core */,
				4DB65D3E29B85C41006C8A6A /* AppDelegate.swift */,
				4D8BBD7929F405E900332A7F /* Main.storyboard */,
				4DB65D6D29B89660006C8A6A /* AppSetupManager.swift */,
				4DB65D4729B85C43006C8A6A /* Assets.xcassets */,
				4DB65D4929B85C43006C8A6A /* LaunchScreen.storyboard */,
				4DB65D4C29B85C43006C8A6A /* Info.plist */,
			);
			path = LearningPlatform;
			sourceTree = "<group>";
		};
		4DB65D5229B861F2006C8A6A /* Core */ = {
			isa = PBXGroup;
			children = (
				4DB65D5329B861FB006C8A6A /* Extension */,
				4DB65D6229B86659006C8A6A /* Util */,
				4DB65D5D29B865D2006C8A6A /* UI */,
				4DB65D5529B8642F006C8A6A /* Interface */,
			);
			path = Core;
			sourceTree = "<group>";
		};
		4DB65D5329B861FB006C8A6A /* Extension */ = {
			isa = PBXGroup;
			children = (
				4DB65D5929B8653B006C8A6A /* UIView+Extension.swift */,
				4DB65D5B29B86569006C8A6A /* Float+Extension.swift */,
				4DB65D6029B86625006C8A6A /* Int+Extension.swift */,
				4DB65D6529B866BF006C8A6A /* Optional+Extension.swift */,
				4DB65D6729B86716006C8A6A /* Date+Extension.swift */,
				4DB65D6929B8695A006C8A6A /* FoundationConst.swift */,
				4DB65D6B29B86984006C8A6A /* Array+Extension.swift */,
			);
			path = Extension;
			sourceTree = "<group>";
		};
		4DB65D5429B862DF006C8A6A /* MainTabBar */ = {
			isa = PBXGroup;
			children = (
				4DB65D6F29B896D7006C8A6A /* MainFrameHandler.swift */,
				4DB65D7129B896F0006C8A6A /* MainTabBarController.swift */,
				4D353EF429CADE55003C40C5 /* MainFrameModule.swift */,
			);
			path = MainTabBar;
			sourceTree = "<group>";
		};
		4DB65D5529B8642F006C8A6A /* Interface */ = {
			isa = PBXGroup;
			children = (
			);
			path = Interface;
			sourceTree = "<group>";
		};
		4DB65D5D29B865D2006C8A6A /* UI */ = {
			isa = PBXGroup;
			children = (
				4DB65D5E29B865DB006C8A6A /* UIConst.swift */,
			);
			path = UI;
			sourceTree = "<group>";
		};
		4DB65D6229B86659006C8A6A /* Util */ = {
			isa = PBXGroup;
			children = (
				4DB65D6329B86671006C8A6A /* KVStorage.swift */,
			);
			path = Util;
			sourceTree = "<group>";
		};
		4DB65D7329B98617006C8A6A /* MainPage */ = {
			isa = PBXGroup;
			children = (
				4DB65D7629B9864D006C8A6A /* MainPageModule.swift */,
				4D5A7EBC29F3DE92008EC989 /* MainPageController.swift */,
			);
			path = MainPage;
			sourceTree = "<group>";
		};
		4DB65D7429B9862E006C8A6A /* MinePage */ = {
			isa = PBXGroup;
			children = (
				4DB65D7829B98663006C8A6A /* MinePageModule.swift */,
				4D5A7EBE29F3E19F008EC989 /* MinePageController.swift */,
			);
			path = MinePage;
			sourceTree = "<group>";
		};
		4DB65D7529B98639006C8A6A /* Modules */ = {
			isa = PBXGroup;
			children = (
				4DB65D5429B862DF006C8A6A /* MainTabBar */,
				4D353EED29CAAE90003C40C5 /* DIRegisterCenter */,
				4DB65D7429B9862E006C8A6A /* MinePage */,
				4DB65D7329B98617006C8A6A /* MainPage */,
			);
			path = Modules;
			sourceTree = "<group>";
		};
		6A5DA629B4A993B480B6827B /* Frameworks */ = {
			isa = PBXGroup;
			children = (
				4D60939A29DDA5CD009B1C25 /* IJKPlayerFramework.framework */,
				C315FC1BF30390D320862432 /* Pods_LearningPlatform.framework */,
			);
			name = Frameworks;
			sourceTree = "<group>";
		};
		D0803EA6E655BDFDC1876A64 /* Pods */ = {
			isa = PBXGroup;
			children = (
				54607E492495984EE9A3D1F6 /* Pods-LearningPlatform.debug.xcconfig */,
				8765CB8BCF75FC87B7AE2420 /* Pods-LearningPlatform.release.xcconfig */,
			);
			path = Pods;
			sourceTree = "<group>";
		};
/* End PBXGroup section */

/* Begin PBXNativeTarget section */
		4DB65D3A29B85C41006C8A6A /* LearningPlatform */ = {
			isa = PBXNativeTarget;
			buildConfigurationList = 4DB65D4F29B85C43006C8A6A /* Build configuration list for PBXNativeTarget "LearningPlatform" */;
			buildPhases = (
				D9DECC512E9F80B4CCE2DC5C /* [CP] Check Pods Manifest.lock */,
				4DB65D3729B85C41006C8A6A /* Sources */,
				4DB65D3829B85C41006C8A6A /* Frameworks */,
				4DB65D3929B85C41006C8A6A /* Resources */,
				5EAD7837B0206443E2DDA13E /* [CP] Embed Pods Frameworks */,
			);
			buildRules = (
			);
			dependencies = (
			);
			name = LearningPlatform;
			productName = LearningPlatform;
			productReference = 4DB65D3B29B85C41006C8A6A /* LearningPlatform.app */;
			productType = "com.apple.product-type.application";
		};
/* End PBXNativeTarget section */

/* Begin PBXProject section */
		4DB65D3329B85C41006C8A6A /* Project object */ = {
			isa = PBXProject;
			attributes = {
				BuildIndependentTargetsInParallel = 1;
				LastSwiftUpdateCheck = 1410;
				LastUpgradeCheck = 1410;
				TargetAttributes = {
					4DB65D3A29B85C41006C8A6A = {
						CreatedOnToolsVersion = 14.1;
					};
				};
			};
			buildConfigurationList = 4DB65D3629B85C41006C8A6A /* Build configuration list for PBXProject "LearningPlatform" */;
			compatibilityVersion = "Xcode 13.0";
			developmentRegion = en;
			hasScannedForEncodings = 0;
			knownRegions = (
				en,
				Base,
			);
			mainGroup = 4DB65D3229B85C41006C8A6A;
			productRefGroup = 4DB65D3C29B85C41006C8A6A /* Products */;
			projectDirPath = "";
			projectRoot = "";
			targets = (
				4DB65D3A29B85C41006C8A6A /* LearningPlatform */,
			);
		};
/* End PBXProject section */

/* Begin PBXResourcesBuildPhase section */
		4DB65D3929B85C41006C8A6A /* Resources */ = {
			isa = PBXResourcesBuildPhase;
			buildActionMask = 2147483647;
			files = (
				4D8BBD7B29F405E900332A7F /* Main.storyboard in Resources */,
				4DB65D4B29B85C43006C8A6A /* LaunchScreen.storyboard in Resources */,
				4DB65D4829B85C43006C8A6A /* Assets.xcassets in Resources */,
			);
			runOnlyForDeploymentPostprocessing = 0;
		};
/* End PBXResourcesBuildPhase section */

/* Begin PBXShellScriptBuildPhase section */
		5EAD7837B0206443E2DDA13E /* [CP] Embed Pods Frameworks */ = {
			isa = PBXShellScriptBuildPhase;
			buildActionMask = 2147483647;
			files = (
			);
			inputFileListPaths = (
				"${PODS_ROOT}/Target Support Files/Pods-LearningPlatform/Pods-LearningPlatform-frameworks-${CONFIGURATION}-input-files.xcfilelist",
			);
			name = "[CP] Embed Pods Frameworks";
			outputFileListPaths = (
				"${PODS_ROOT}/Target Support Files/Pods-LearningPlatform/Pods-LearningPlatform-frameworks-${CONFIGURATION}-output-files.xcfilelist",
			);
			runOnlyForDeploymentPostprocessing = 0;
			shellPath = /bin/sh;
			shellScript = "\"${PODS_ROOT}/Target Support Files/Pods-LearningPlatform/Pods-LearningPlatform-frameworks.sh\"\n";
			showEnvVarsInLog = 0;
		};
		D9DECC512E9F80B4CCE2DC5C /* [CP] Check Pods Manifest.lock */ = {
			isa = PBXShellScriptBuildPhase;
			buildActionMask = 2147483647;
			files = (
			);
			inputFileListPaths = (
			);
			inputPaths = (
				"${PODS_PODFILE_DIR_PATH}/Podfile.lock",
				"${PODS_ROOT}/Manifest.lock",
			);
			name = "[CP] Check Pods Manifest.lock";
			outputFileListPaths = (
			);
			outputPaths = (
				"$(DERIVED_FILE_DIR)/Pods-LearningPlatform-checkManifestLockResult.txt",
			);
			runOnlyForDeploymentPostprocessing = 0;
			shellPath = /bin/sh;
			shellScript = "diff \"${PODS_PODFILE_DIR_PATH}/Podfile.lock\" \"${PODS_ROOT}/Manifest.lock\" > /dev/null\nif [ $? != 0 ] ; then\n    # print error to STDERR\n    echo \"error: The sandbox is not in sync with the Podfile.lock. Run 'pod install' or update your CocoaPods installation.\" >&2\n    exit 1\nfi\n# This output is used by Xcode 'outputs' to avoid re-running this script phase.\necho \"SUCCESS\" > \"${SCRIPT_OUTPUT_FILE_0}\"\n";
			showEnvVarsInLog = 0;
		};
/* End PBXShellScriptBuildPhase section */

/* Begin PBXSourcesBuildPhase section */
		4DB65D3729B85C41006C8A6A /* Sources */ = {
			isa = PBXSourcesBuildPhase;
			buildActionMask = 2147483647;
			files = (
				4DB65D5F29B865DB006C8A6A /* UIConst.swift in Sources */,
				4DB65D5A29B8653B006C8A6A /* UIView+Extension.swift in Sources */,
				4DB65D6C29B86984006C8A6A /* Array+Extension.swift in Sources */,
				4D353EF329CAAF74003C40C5 /* Assembler.swift in Sources */,
				4DB65D7029B896D7006C8A6A /* MainFrameHandler.swift in Sources */,
				4D5A7EBF29F3E19F008EC989 /* MinePageController.swift in Sources */,
				4DB65D6129B86625006C8A6A /* Int+Extension.swift in Sources */,
				4DB65D6E29B89660006C8A6A /* AppSetupManager.swift in Sources */,
				4DB65D5C29B86569006C8A6A /* Float+Extension.swift in Sources */,
				4D353EF529CADE55003C40C5 /* MainFrameModule.swift in Sources */,
				4DB65D6629B866BF006C8A6A /* Optional+Extension.swift in Sources */,
				4DB65D6429B86671006C8A6A /* KVStorage.swift in Sources */,
				4DB65D7229B896F0006C8A6A /* MainTabBarController.swift in Sources */,
				4D353EF129CAAEE6003C40C5 /* LPDIContainer.swift in Sources */,
				4DB65D7929B98663006C8A6A /* MinePageModule.swift in Sources */,
				4DB65D7729B9864D006C8A6A /* MainPageModule.swift in Sources */,
				4DB65D3F29B85C41006C8A6A /* AppDelegate.swift in Sources */,
				4DB65D6A29B8695A006C8A6A /* FoundationConst.swift in Sources */,
				4D5A7EBD29F3DE92008EC989 /* MainPageController.swift in Sources */,
				4DB65D6829B86716006C8A6A /* Date+Extension.swift in Sources */,
			);
			runOnlyForDeploymentPostprocessing = 0;
		};
/* End PBXSourcesBuildPhase section */

/* Begin PBXVariantGroup section */
		4D8BBD7929F405E900332A7F /* Main.storyboard */ = {
			isa = PBXVariantGroup;
			children = (
				4D8BBD7A29F405E900332A7F /* Base */,
			);
			name = Main.storyboard;
			sourceTree = "<group>";
		};
		4DB65D4929B85C43006C8A6A /* LaunchScreen.storyboard */ = {
			isa = PBXVariantGroup;
			children = (
				4DB65D4A29B85C43006C8A6A /* Base */,
			);
			name = LaunchScreen.storyboard;
			sourceTree = "<group>";
		};
/* End PBXVariantGroup section */

/* Begin XCBuildConfiguration section */
		4DB65D4D29B85C43006C8A6A /* Debug */ = {
			isa = XCBuildConfiguration;
			buildSettings = {
				ALWAYS_SEARCH_USER_PATHS = NO;
				CLANG_ANALYZER_NONNULL = YES;
				CLANG_ANALYZER_NUMBER_OBJECT_CONVERSION = YES_AGGRESSIVE;
				CLANG_CXX_LANGUAGE_STANDARD = "gnu++20";
				CLANG_ENABLE_MODULES = YES;
				CLANG_ENABLE_OBJC_ARC = YES;
				CLANG_ENABLE_OBJC_WEAK = YES;
				CLANG_WARN_BLOCK_CAPTURE_AUTORELEASING = YES;
				CLANG_WARN_BOOL_CONVERSION = YES;
				CLANG_WARN_COMMA = YES;
				CLANG_WARN_CONSTANT_CONVERSION = YES;
				CLANG_WARN_DEPRECATED_OBJC_IMPLEMENTATIONS = YES;
				CLANG_WARN_DIRECT_OBJC_ISA_USAGE = YES_ERROR;
				CLANG_WARN_DOCUMENTATION_COMMENTS = YES;
				CLANG_WARN_EMPTY_BODY = YES;
				CLANG_WARN_ENUM_CONVERSION = YES;
				CLANG_WARN_INFINITE_RECURSION = YES;
				CLANG_WARN_INT_CONVERSION = YES;
				CLANG_WARN_NON_LITERAL_NULL_CONVERSION = YES;
				CLANG_WARN_OBJC_IMPLICIT_RETAIN_SELF = YES;
				CLANG_WARN_OBJC_LITERAL_CONVERSION = YES;
				CLANG_WARN_OBJC_ROOT_CLASS = YES_ERROR;
				CLANG_WARN_QUOTED_INCLUDE_IN_FRAMEWORK_HEADER = YES;
				CLANG_WARN_RANGE_LOOP_ANALYSIS = YES;
				CLANG_WARN_STRICT_PROTOTYPES = YES;
				CLANG_WARN_SUSPICIOUS_MOVE = YES;
				CLANG_WARN_UNGUARDED_AVAILABILITY = YES_AGGRESSIVE;
				CLANG_WARN_UNREACHABLE_CODE = YES;
				CLANG_WARN__DUPLICATE_METHOD_MATCH = YES;
				COPY_PHASE_STRIP = NO;
				DEBUG_INFORMATION_FORMAT = dwarf;
				ENABLE_STRICT_OBJC_MSGSEND = YES;
				ENABLE_TESTABILITY = YES;
				GCC_C_LANGUAGE_STANDARD = gnu11;
				GCC_DYNAMIC_NO_PIC = NO;
				GCC_NO_COMMON_BLOCKS = YES;
				GCC_OPTIMIZATION_LEVEL = 0;
				GCC_PREPROCESSOR_DEFINITIONS = (
					"DEBUG=1",
					"$(inherited)",
				);
				GCC_WARN_64_TO_32_BIT_CONVERSION = YES;
				GCC_WARN_ABOUT_RETURN_TYPE = YES_ERROR;
				GCC_WARN_UNDECLARED_SELECTOR = YES;
				GCC_WARN_UNINITIALIZED_AUTOS = YES_AGGRESSIVE;
				GCC_WARN_UNUSED_FUNCTION = YES;
				GCC_WARN_UNUSED_VARIABLE = YES;
				IPHONEOS_DEPLOYMENT_TARGET = 16.1;
				MTL_ENABLE_DEBUG_INFO = INCLUDE_SOURCE;
				MTL_FAST_MATH = YES;
				ONLY_ACTIVE_ARCH = YES;
				SDKROOT = iphoneos;
				SWIFT_ACTIVE_COMPILATION_CONDITIONS = DEBUG;
				SWIFT_OPTIMIZATION_LEVEL = "-Onone";
			};
			name = Debug;
		};
		4DB65D4E29B85C43006C8A6A /* Release */ = {
			isa = XCBuildConfiguration;
			buildSettings = {
				ALWAYS_SEARCH_USER_PATHS = NO;
				CLANG_ANALYZER_NONNULL = YES;
				CLANG_ANALYZER_NUMBER_OBJECT_CONVERSION = YES_AGGRESSIVE;
				CLANG_CXX_LANGUAGE_STANDARD = "gnu++20";
				CLANG_ENABLE_MODULES = YES;
				CLANG_ENABLE_OBJC_ARC = YES;
				CLANG_ENABLE_OBJC_WEAK = YES;
				CLANG_WARN_BLOCK_CAPTURE_AUTORELEASING = YES;
				CLANG_WARN_BOOL_CONVERSION = YES;
				CLANG_WARN_COMMA = YES;
				CLANG_WARN_CONSTANT_CONVERSION = YES;
				CLANG_WARN_DEPRECATED_OBJC_IMPLEMENTATIONS = YES;
				CLANG_WARN_DIRECT_OBJC_ISA_USAGE = YES_ERROR;
				CLANG_WARN_DOCUMENTATION_COMMENTS = YES;
				CLANG_WARN_EMPTY_BODY = YES;
				CLANG_WARN_ENUM_CONVERSION = YES;
				CLANG_WARN_INFINITE_RECURSION = YES;
				CLANG_WARN_INT_CONVERSION = YES;
				CLANG_WARN_NON_LITERAL_NULL_CONVERSION = YES;
				CLANG_WARN_OBJC_IMPLICIT_RETAIN_SELF = YES;
				CLANG_WARN_OBJC_LITERAL_CONVERSION = YES;
				CLANG_WARN_OBJC_ROOT_CLASS = YES_ERROR;
				CLANG_WARN_QUOTED_INCLUDE_IN_FRAMEWORK_HEADER = YES;
				CLANG_WARN_RANGE_LOOP_ANALYSIS = YES;
				CLANG_WARN_STRICT_PROTOTYPES = YES;
				CLANG_WARN_SUSPICIOUS_MOVE = YES;
				CLANG_WARN_UNGUARDED_AVAILABILITY = YES_AGGRESSIVE;
				CLANG_WARN_UNREACHABLE_CODE = YES;
				CLANG_WARN__DUPLICATE_METHOD_MATCH = YES;
				COPY_PHASE_STRIP = NO;
				DEBUG_INFORMATION_FORMAT = "dwarf-with-dsym";
				ENABLE_NS_ASSERTIONS = NO;
				ENABLE_STRICT_OBJC_MSGSEND = YES;
				GCC_C_LANGUAGE_STANDARD = gnu11;
				GCC_NO_COMMON_BLOCKS = YES;
				GCC_WARN_64_TO_32_BIT_CONVERSION = YES;
				GCC_WARN_ABOUT_RETURN_TYPE = YES_ERROR;
				GCC_WARN_UNDECLARED_SELECTOR = YES;
				GCC_WARN_UNINITIALIZED_AUTOS = YES_AGGRESSIVE;
				GCC_WARN_UNUSED_FUNCTION = YES;
				GCC_WARN_UNUSED_VARIABLE = YES;
				IPHONEOS_DEPLOYMENT_TARGET = 16.1;
				MTL_ENABLE_DEBUG_INFO = NO;
				MTL_FAST_MATH = YES;
				SDKROOT = iphoneos;
				SWIFT_COMPILATION_MODE = wholemodule;
				SWIFT_OPTIMIZATION_LEVEL = "-O";
				VALIDATE_PRODUCT = YES;
			};
			name = Release;
		};
		4DB65D5029B85C43006C8A6A /* Debug */ = {
			isa = XCBuildConfiguration;
			baseConfigurationReference = 54607E492495984EE9A3D1F6 /* Pods-LearningPlatform.debug.xcconfig */;
			buildSettings = {
				ASSETCATALOG_COMPILER_APPICON_NAME = AppIcon;
				ASSETCATALOG_COMPILER_GLOBAL_ACCENT_COLOR_NAME = AccentColor;
				CODE_SIGN_STYLE = Automatic;
				CURRENT_PROJECT_VERSION = 1;
				DEVELOPMENT_TEAM = 4NYH5TAP73;
				GENERATE_INFOPLIST_FILE = YES;
				INFOPLIST_FILE = LearningPlatform/Info.plist;
				INFOPLIST_KEY_UIApplicationSupportsIndirectInputEvents = YES;
				INFOPLIST_KEY_UILaunchStoryboardName = LaunchScreen;
				INFOPLIST_KEY_UIMainStoryboardFile = Main;
				INFOPLIST_KEY_UISupportedInterfaceOrientations_iPad = "UIInterfaceOrientationPortrait UIInterfaceOrientationPortraitUpsideDown UIInterfaceOrientationLandscapeLeft UIInterfaceOrientationLandscapeRight";
				INFOPLIST_KEY_UISupportedInterfaceOrientations_iPhone = "UIInterfaceOrientationPortrait UIInterfaceOrientationLandscapeLeft UIInterfaceOrientationLandscapeRight";
				IPHONEOS_DEPLOYMENT_TARGET = 13.0;
				LD_RUNPATH_SEARCH_PATHS = (
					"$(inherited)",
					"@executable_path/Frameworks",
				);
				LIBRARY_SEARCH_PATHS = (
					"$(inherited)",
					"$(PROJECT_DIR)",
				);
				MARKETING_VERSION = 1.0;
				PRODUCT_BUNDLE_IDENTIFIER = syx.LearningPlatform;
				PRODUCT_NAME = "$(TARGET_NAME)";
				SWIFT_EMIT_LOC_STRINGS = YES;
				SWIFT_VERSION = 5.0;
				TARGETED_DEVICE_FAMILY = "1,2";
			};
			name = Debug;
		};
		4DB65D5129B85C43006C8A6A /* Release */ = {
			isa = XCBuildConfiguration;
			baseConfigurationReference = 8765CB8BCF75FC87B7AE2420 /* Pods-LearningPlatform.release.xcconfig */;
			buildSettings = {
				ASSETCATALOG_COMPILER_APPICON_NAME = AppIcon;
				ASSETCATALOG_COMPILER_GLOBAL_ACCENT_COLOR_NAME = AccentColor;
				CODE_SIGN_STYLE = Automatic;
				CURRENT_PROJECT_VERSION = 1;
				DEVELOPMENT_TEAM = 4NYH5TAP73;
				GENERATE_INFOPLIST_FILE = YES;
				INFOPLIST_FILE = LearningPlatform/Info.plist;
				INFOPLIST_KEY_UIApplicationSupportsIndirectInputEvents = YES;
				INFOPLIST_KEY_UILaunchStoryboardName = LaunchScreen;
				INFOPLIST_KEY_UIMainStoryboardFile = Main;
				INFOPLIST_KEY_UISupportedInterfaceOrientations_iPad = "UIInterfaceOrientationPortrait UIInterfaceOrientationPortraitUpsideDown UIInterfaceOrientationLandscapeLeft UIInterfaceOrientationLandscapeRight";
				INFOPLIST_KEY_UISupportedInterfaceOrientations_iPhone = "UIInterfaceOrientationPortrait UIInterfaceOrientationLandscapeLeft UIInterfaceOrientationLandscapeRight";
				IPHONEOS_DEPLOYMENT_TARGET = 13.0;
				LD_RUNPATH_SEARCH_PATHS = (
					"$(inherited)",
					"@executable_path/Frameworks",
				);
				LIBRARY_SEARCH_PATHS = (
					"$(inherited)",
					"$(PROJECT_DIR)",
				);
				MARKETING_VERSION = 1.0;
				PRODUCT_BUNDLE_IDENTIFIER = syx.LearningPlatform;
				PRODUCT_NAME = "$(TARGET_NAME)";
				SWIFT_EMIT_LOC_STRINGS = YES;
				SWIFT_VERSION = 5.0;
				TARGETED_DEVICE_FAMILY = "1,2";
			};
			name = Release;
		};
/* End XCBuildConfiguration section */

/* Begin XCConfigurationList section */
		4DB65D3629B85C41006C8A6A /* Build configuration list for PBXProject "LearningPlatform" */ = {
			isa = XCConfigurationList;
			buildConfigurations = (
				4DB65D4D29B85C43006C8A6A /* Debug */,
				4DB65D4E29B85C43006C8A6A /* Release */,
			);
			defaultConfigurationIsVisible = 0;
			defaultConfigurationName = Release;
		};
		4DB65D4F29B85C43006C8A6A /* Build configuration list for PBXNativeTarget "LearningPlatform" */ = {
			isa = XCConfigurationList;
			buildConfigurations = (
				4DB65D5029B85C43006C8A6A /* Debug */,
				4DB65D5129B85C43006C8A6A /* Release */,
			);
			defaultConfigurationIsVisible = 0;
			defaultConfigurationName = Release;
		};
/* End XCConfigurationList section */
	};
	rootObject = 4DB65D3329B85C41006C8A6A /* Project object */;
}
